
Microsoft Visual Studio Solution File, Format Version 12.00
Project("{FAE04EC0-301F-11D3-BF4B-00C04F79EFBC}") = "Groomgy.MessageConsumer", "Groomgy.MessageConsumer\Groomgy.MessageConsumer.csproj", "{EAC1AE49-FBBD-4152-854E-388FE63699A6}"
EndProject
Project("{FAE04EC0-301F-11D3-BF4B-00C04F79EFBC}") = "Groomgy.MessageConsumer.Abstractions", "Groomgy.MessageConsumer.Abstractions\Groomgy.MessageConsumer.Abstractions.csproj", "{5F6495A3-D26D-40F8-AE31-A4D8E90211A3}"
EndProject
Project("{F2A71F9B-5D33-465A-A702-920D77279786}") = "Groomgy.MessageConsumer.Abstractions.FSharp", "Groomgy.MessageConsumer.Abstractions.FSharp\Groomgy.MessageConsumer.Abstractions.FSharp.fsproj", "{114CBFC0-2E14-4AF4-B1B1-F9424F872F5A}"
EndProject
Global
	GlobalSection(SolutionConfigurationPlatforms) = preSolution
		Debug|Any CPU = Debug|Any CPU
		Release|Any CPU = Release|Any CPU
	EndGlobalSection
	GlobalSection(ProjectConfigurationPlatforms) = postSolution
		{EAC1AE49-FBBD-4152-854E-388FE63699A6}.Debug|Any CPU.ActiveCfg = Debug|Any CPU
		{EAC1AE49-FBBD-4152-854E-388FE63699A6}.Debug|Any CPU.Build.0 = Debug|Any CPU
		{EAC1AE49-FBBD-4152-854E-388FE63699A6}.Release|Any CPU.ActiveCfg = Release|Any CPU
		{EAC1AE49-FBBD-4152-854E-388FE63699A6}.Release|Any CPU.Build.0 = Release|Any CPU
		{5F6495A3-D26D-40F8-AE31-A4D8E90211A3}.Debug|Any CPU.ActiveCfg = Debug|Any CPU
		{5F6495A3-D26D-40F8-AE31-A4D8E90211A3}.Debug|Any CPU.Build.0 = Debug|Any CPU
		{5F6495A3-D26D-40F8-AE31-A4D8E90211A3}.Release|Any CPU.ActiveCfg = Release|Any CPU
		{5F6495A3-D26D-40F8-AE31-A4D8E90211A3}.Release|Any CPU.Build.0 = Release|Any CPU
		{114CBFC0-2E14-4AF4-B1B1-F9424F872F5A}.Debug|Any CPU.ActiveCfg = Debug|Any CPU
		{114CBFC0-2E14-4AF4-B1B1-F9424F872F5A}.Debug|Any CPU.Build.0 = Debug|Any CPU
		{114CBFC0-2E14-4AF4-B1B1-F9424F872F5A}.Release|Any CPU.ActiveCfg = Release|Any CPU
		{114CBFC0-2E14-4AF4-B1B1-F9424F872F5A}.Release|Any CPU.Build.0 = Release|Any CPU
	EndGlobalSection
EndGlobal
